lockfileVersion: '9.0'

settings:
  autoInstallPeers: true
  excludeLinksFromLockfile: false

importers:

  .:
    dependencies:
      echarts:
        specifier: 6.1.0
        version: 6.1.0
      lucide:
        specifier: 0.468.0
        version: 0.468.0

packages:

  echarts@6.1.0:
    resolution: {integrity: sha512-q0yaFPggC9FUdsWH4blavRWFmxdrIodbkoKNAjJudAI6CA9gNPxHtV2RcZNEepZVlk4yvBYkOkbk6HIVpIyHZA==}

  lucide@0.468.0:
    resolution: {integrity: sha512-UFbgwji/ZnAV7iTTE4jujyTV7J95AILKyATDUrqOJrMcUGfXvGjw3c1mcuHZUX2oJfkrAGU9KoxkrLQk2jjtiA==}

  tslib@2.3.0:
    resolution: {integrity: sha512-N82ooyxVNm6h1riLCoyS9e3fuJ3AMG2zIZs2Gd1ATcSFjSA23Q0fzjjZeh0jbJvWVDZ0cJT8yaNNaaXHzueNjg==}

  zrender@6.1.0:
    resolution: {integrity: sha512-oEGMDB6pOP2S6OwRR4PdVv610zrjnA3Bh+JnSG12fYJlBKjtNAoEb5fSUoCOOINlH96I2fU38/A2UpRKs67xYQ==}

snapshots:

  echarts@6.1.0:
    dependencies:
      tslib: 2.3.0
      zrender: 6.1.0

  lucide@0.468.0: {}

  tslib@2.3.0: {}

  zrender@6.1.0:
    dependencies:
      tslib: 2.3.0
